
Microsoft Visual Studio Solution File, Format Version 12.00
# Visual Studio Version 17
VisualStudioVersion = 17.0.31903.59
MinimumVisualStudioVersion = 10.0.40219.1
Project("{9A19103F-16F7-4668-BE54-9A1E7A4F7556}") = "Persons.Api", "Persons.Api.csproj", "{0AB32975-6175-495A-995E-AA0AFDD63674}"
EndProject
Project("{FAE04EC0-301F-11D3-BF4B-00C04F79EFBC}") = "Persons.Tests", "..\Persons.Tests\Persons.Tests.csproj", "{9DA6990E-8A1B-43F5-ABC6-6071BF6D2E28}"
EndProject
Global
	GlobalSection(SolutionConfigurationPlatforms) = preSolution
		Debug|Any CPU = Debug|Any CPU
		Release|Any CPU = Release|Any CPU
	EndGlobalSection
	GlobalSection(ProjectConfigurationPlatforms) = postSolution
		{0AB32975-6175-495A-995E-AA0AFDD63674}.Debug|Any CPU.ActiveCfg = Debug|Any CPU
		{0AB32975-6175-495A-995E-AA0AFDD63674}.Debug|Any CPU.Build.0 = Debug|Any CPU
		{0AB32975-6175-495A-995E-AA0AFDD63674}.Release|Any CPU.ActiveCfg = Release|Any CPU
		{0AB32975-6175-495A-995E-AA0AFDD63674}.Release|Any CPU.Build.0 = Release|Any CPU
		{9DA6990E-8A1B-43F5-ABC6-6071BF6D2E28}.Debug|Any CPU.ActiveCfg = Debug|Any CPU
		{9DA6990E-8A1B-43F5-ABC6-6071BF6D2E28}.Debug|Any CPU.Build.0 = Debug|Any CPU
		{9DA6990E-8A1B-43F5-ABC6-6071BF6D2E28}.Release|Any CPU.ActiveCfg = Release|Any CPU
		{9DA6990E-8A1B-43F5-ABC6-6071BF6D2E28}.Release|Any CPU.Build.0 = Release|Any CPU
	EndGlobalSection
	GlobalSection(SolutionProperties) = preSolution
		HideSolutionNode = FALSE
	EndGlobalSection
	GlobalSection(ExtensibilityGlobals) = postSolution
		SolutionGuid = {016EF956-D7B4-4B31-B52C-D5CC33372C04}
	EndGlobalSection
EndGlobal
